
Microsoft Visual Studio Solution File, Format Version 12.00
# Visual Studio Version 16
VisualStudioVersion = 16.0.29021.104
MinimumVisualStudioVersion = 10.0.40219.1
Project("{9A19103F-16F7-4668-BE54-9A1E7A4F7556}") = "BlazorEvents", "BlazorEvents\BlazorEvents.csproj", "{C1923888-B86A-47DD-9ADA-32EFBDF0DC49}"
EndProject
Project("{2150E333-8FDC-42A3-9474-1A3956D46DE8}") = "Solution Items", "Solution Items", "{4706E1B8-F7C4-4812-B7D3-1CBF3435D6C2}"
	ProjectSection(SolutionItems) = preProject
		LICENSE = LICENSE
		README.md = README.md
	EndProjectSection
EndProject
Global
	GlobalSection(SolutionConfigurationPlatforms) = preSolution
		Debug|Any CPU = Debug|Any CPU
		Release|Any CPU = Release|Any CPU
	EndGlobalSection
	GlobalSection(ProjectConfigurationPlatforms) = postSolution
		{C1923888-B86A-47DD-9ADA-32EFBDF0DC49}.Debug|Any CPU.ActiveCfg = Debug|Any CPU
		{C1923888-B86A-47DD-9ADA-32EFBDF0DC49}.Debug|Any CPU.Build.0 = Debug|Any CPU
		{C1923888-B86A-47DD-9ADA-32EFBDF0DC49}.Release|Any CPU.ActiveCfg = Release|Any CPU
		{C1923888-B86A-47DD-9ADA-32EFBDF0DC49}.Release|Any CPU.Build.0 = Release|Any CPU
	EndGlobalSection
	GlobalSection(SolutionProperties) = preSolution
		HideSolutionNode = FALSE
	EndGlobalSection
	GlobalSection(ExtensibilityGlobals) = postSolution
		SolutionGuid = {5619A0EF-917D-47AC-86D1-544B82F510EA}
	EndGlobalSection
EndGlobal
